// !$*UTF8*$!
{
	archiveVersion = 1;
	classes = {
	};
	objectVersion = 50;
	objects = {

/* Begin PBXBuildFile section */
		650A61A5243D94A800E1AB50 /* StorageGetters.m in Sources */ = {isa = PBXBuildFile; fileRef = 650A6199243D94A700E1AB50 /* StorageGetters.m */; };
		650A61A6243D94A800E1AB50 /* StorageSetters.m in Sources */ = {isa = PBXBuildFile; fileRef = 650A619A243D94A700E1AB50 /* StorageSetters.m */; };
		650A61A7243D94A800E1AB50 /* MMKVStorage.m in Sources */ = {isa = PBXBuildFile; fileRef = 650A619B243D94A700E1AB50 /* MMKVStorage.m */; };
		650A61A8243D94A800E1AB50 /* SecureStorage.m in Sources */ = {isa = PBXBuildFile; fileRef = 650A619C243D94A700E1AB50 /* SecureStorage.m */; };
		650A61A9243D94A800E1AB50 /* IDStore.m in Sources */ = {isa = PBXBuildFile; fileRef = 650A619E243D94A700E1AB50 /* IDStore.m */; };
		650A61AA243D94A800E1AB50 /* StorageIndexer.m in Sources */ = {isa = PBXBuildFile; fileRef = 650A61A1243D94A700E1AB50 /* StorageIndexer.m */; };
/* End PBXBuildFile section */

/* Begin PBXCopyFilesBuildPhase section */
		650A618B243D943F00E1AB50 /* CopyFiles */ = {
			isa = PBXCopyFilesBuildPhase;
			buildActionMask = 2147483647;
			dstPath = "include/$(PRODUCT_NAME)";
			dstSubfolderSpec = 16;
			files = (
			);
			runOnlyForDeploymentPostprocessing = 0;
		};
/* End PBXCopyFilesBuildPhase section */

/* Begin PBXFileReference section */
		650A618D243D943F00E1AB50 /* libMMKVStorage.a */ = {isa = PBXFileReference; explicitFileType = archive.ar; includeInIndex = 0; path = libMMKVStorage.a; sourceTree = BUILT_PRODUCTS_DIR; };
		650A6199243D94A700E1AB50 /* StorageGetters.m */ = {isa = PBXFileReference; fileEncoding = 4; lastKnownFileType = sourcecode.c.objc; path = StorageGetters.m; sourceTree = "<group>"; };
		650A619A243D94A700E1AB50 /* StorageSetters.m */ = {isa = PBXFileReference; fileEncoding = 4; lastKnownFileType = sourcecode.c.objc; path = StorageSetters.m; sourceTree = "<group>"; };
		650A619B243D94A700E1AB50 /* MMKVStorage.m */ = {isa = PBXFileReference; fileEncoding = 4; lastKnownFileType = sourcecode.c.objc; path = MMKVStorage.m; sourceTree = "<group>"; };
		650A619C243D94A700E1AB50 /* SecureStorage.m */ = {isa = PBXFileReference; fileEncoding = 4; lastKnownFileType = sourcecode.c.objc; path = SecureStorage.m; sourceTree = "<group>"; };
		650A619D243D94A700E1AB50 /* MMKVStorage.h */ = {isa = PBXFileReference; fileEncoding = 4; lastKnownFileType = sourcecode.c.h; path = MMKVStorage.h; sourceTree = "<group>"; };
		650A619E243D94A700E1AB50 /* IDStore.m */ = {isa = PBXFileReference; fileEncoding = 4; lastKnownFileType = sourcecode.c.objc; path = IDStore.m; sourceTree = "<group>"; };
		650A619F243D94A700E1AB50 /* StorageGetters.h */ = {isa = PBXFileReference; fileEncoding = 4; lastKnownFileType = sourcecode.c.h; path = StorageGetters.h; sourceTree = "<group>"; };
		650A61A0243D94A700E1AB50 /* StorageIndexer.h */ = {isa = PBXFileReference; fileEncoding = 4; lastKnownFileType = sourcecode.c.h; path = StorageIndexer.h; sourceTree = "<group>"; };
		650A61A1243D94A700E1AB50 /* StorageIndexer.m */ = {isa = PBXFileReference; fileEncoding = 4; lastKnownFileType = sourcecode.c.objc; path = StorageIndexer.m; sourceTree = "<group>"; };
		650A61A2243D94A700E1AB50 /* StorageSetters.h */ = {isa = PBXFileReference; fileEncoding = 4; lastKnownFileType = sourcecode.c.h; path = StorageSetters.h; sourceTree = "<group>"; };
		650A61A3243D94A700E1AB50 /* IDStore.h */ = {isa = PBXFileReference; fileEncoding = 4; lastKnownFileType = sourcecode.c.h; path = IDStore.h; sourceTree = "<group>"; };
		650A61A4243D94A800E1AB50 /* SecureStorage.h */ = {isa = PBXFileReference; fileEncoding = 4; lastKnownFileType = sourcecode.c.h; path = SecureStorage.h; sourceTree = "<group>"; };
/* End PBXFileReference section */

/* Begin PBXFrameworksBuildPhase section */
		650A618A243D943F00E1AB50 /* Frameworks */ = {
			isa = PBXFrameworksBuildPhase;
			buildActionMask = 2147483647;
			files = (
			);
			runOnlyForDeploymentPostprocessing = 0;
		};
/* End PBXFrameworksBuildPhase section */

/* Begin PBXGroup section */
		650A6184243D943F00E1AB50 = {
			isa = PBXGroup;
			children = (
				650A61A3243D94A700E1AB50 /* IDStore.h */,
				650A619E243D94A700E1AB50 /* IDStore.m */,
				650A619D243D94A700E1AB50 /* MMKVStorage.h */,
				650A619B243D94A700E1AB50 /* MMKVStorage.m */,
				650A61A4243D94A800E1AB50 /* SecureStorage.h */,
				650A619C243D94A700E1AB50 /* SecureStorage.m */,
				650A619F243D94A700E1AB50 /* StorageGetters.h */,
				650A6199243D94A700E1AB50 /* StorageGetters.m */,
				650A61A0243D94A700E1AB50 /* StorageIndexer.h */,
				650A61A1243D94A700E1AB50 /* StorageIndexer.m */,
				650A61A2243D94A700E1AB50 /* StorageSetters.h */,
				650A619A243D94A700E1AB50 /* StorageSetters.m */,
				650A618E243D943F00E1AB50 /* Products */,
			);
			sourceTree = "<group>";
		};
		650A618E243D943F00E1AB50 /* Products */ = {
			isa = PBXGroup;
			children = (
				650A618D243D943F00E1AB50 /* libMMKVStorage.a */,
			);
			name = Products;
			sourceTree = "<group>";
		};
/* End PBXGroup section */

/* Begin PBXNativeTarget section */
		650A618C243D943F00E1AB50 /* MMKVStorage */ = {
			isa = PBXNativeTarget;
			buildConfigurationList = 650A6196243D943F00E1AB50 /* Build configuration list for PBXNativeTarget "MMKVStorage" */;
			buildPhases = (
				650A6189243D943F00E1AB50 /* Sources */,
				650A618A243D943F00E1AB50 /* Frameworks */,
				650A618B243D943F00E1AB50 /* CopyFiles */,
			);
			buildRules = (
			);
			dependencies = (
			);
			name = MMKVStorage;
			productName = MMKVStorage;
			productReference = 650A618D243D943F00E1AB50 /* libMMKVStorage.a */;
			productType = "com.apple.product-type.library.static";
		};
/* End PBXNativeTarget section */

/* Begin PBXProject section */
		650A6185243D943F00E1AB50 /* Project object */ = {
			isa = PBXProject;
			attributes = {
				LastUpgradeCheck = 1110;
				ORGANIZATIONNAME = "Ammar Ahmed";
				TargetAttributes = {
					650A618C243D943F00E1AB50 = {
						CreatedOnToolsVersion = 11.1;
					};
				};
			};
			buildConfigurationList = 650A6188243D943F00E1AB50 /* Build configuration list for PBXProject "MMKVStorage" */;
			compatibilityVersion = "Xcode 9.3";
			developmentRegion = en;
			hasScannedForEncodings = 0;
			knownRegions = (
				en,
				Base,
			);
			mainGroup = 650A6184243D943F00E1AB50;
			productRefGroup = 650A618E243D943F00E1AB50 /* Products */;
			projectDirPath = "";
			projectRoot = "";
			targets = (
				650A618C243D943F00E1AB50 /* MMKVStorage */,
			);
		};
/* End PBXProject section */

/* Begin PBXSourcesBuildPhase section */
		650A6189243D943F00E1AB50 /* Sources */ = {
			isa = PBXSourcesBuildPhase;
			buildActionMask = 2147483647;
			files = (
				650A61A7243D94A800E1AB50 /* MMKVStorage.m in Sources */,
				650A61A9243D94A800E1AB50 /* IDStore.m in Sources */,
				650A61A6243D94A800E1AB50 /* StorageSetters.m in Sources */,
				650A61AA243D94A800E1AB50 /* StorageIndexer.m in Sources */,
				650A61A8243D94A800E1AB50 /* SecureStorage.m in Sources */,
				650A61A5243D94A800E1AB50 /* StorageGetters.m in Sources */,
			);
			runOnlyForDeploymentPostprocessing = 0;
		};
/* End PBXSourcesBuildPhase section */

/* Begin XCBuildConfiguration section */
		650A6194243D943F00E1AB50 /* Debug */ = {
			isa = XCBuildConfiguration;
			buildSettings = {
				ALWAYS_SEARCH_USER_PATHS = NO;
				CLANG_ANALYZER_NONNULL = YES;
				CLANG_ANALYZER_NUMBER_OBJECT_CONVERSION = YES_AGGRESSIVE;
				CLANG_CXX_LANGUAGE_STANDARD = "gnu++14";
				CLANG_CXX_LIBRARY = "libc++";
				CLANG_ENABLE_MODULES = YES;
				CLANG_ENABLE_OBJC_ARC = YES;
				CLANG_ENABLE_OBJC_WEAK = YES;
				CLANG_WARN_BLOCK_CAPTURE_AUTORELEASING = YES;
				CLANG_WARN_BOOL_CONVERSION = YES;
				CLANG_WARN_COMMA = YES;
				CLANG_WARN_CONSTANT_CONVERSION = YES;
				CLANG_WARN_DEPRECATED_OBJC_IMPLEMENTATIONS = YES;
				CLANG_WARN_DIRECT_OBJC_ISA_USAGE = YES_ERROR;
				CLANG_WARN_DOCUMENTATION_COMMENTS = YES;
				CLANG_WARN_EMPTY_BODY = YES;
				CLANG_WARN_ENUM_CONVERSION = YES;
				CLANG_WARN_INFINITE_RECURSION = YES;
				CLANG_WARN_INT_CONVERSION = YES;
				CLANG_WARN_NON_LITERAL_NULL_CONVERSION = YES;
				CLANG_WARN_OBJC_IMPLICIT_RETAIN_SELF = YES;
				CLANG_WARN_OBJC_LITERAL_CONVERSION = YES;
				CLANG_WARN_OBJC_ROOT_CLASS = YES_ERROR;
				CLANG_WARN_RANGE_LOOP_ANALYSIS = YES;
				CLANG_WARN_STRICT_PROTOTYPES = YES;
				CLANG_WARN_SUSPICIOUS_MOVE = YES;
				CLANG_WARN_UNGUARDED_AVAILABILITY = YES_AGGRESSIVE;
				CLANG_WARN_UNREACHABLE_CODE = YES;
				CLANG_WARN__DUPLICATE_METHOD_MATCH = YES;
				COPY_PHASE_STRIP = NO;
				DEBUG_INFORMATION_FORMAT = dwarf;
				ENABLE_STRICT_OBJC_MSGSEND = YES;
				ENABLE_TESTABILITY = YES;
				GCC_C_LANGUAGE_STANDARD = gnu11;
				GCC_DYNAMIC_NO_PIC = NO;
				GCC_NO_COMMON_BLOCKS = YES;
				GCC_OPTIMIZATION_LEVEL = 0;
				GCC_PREPROCESSOR_DEFINITIONS = (
					"DEBUG=1",
					"$(inherited)",
				);
				GCC_WARN_64_TO_32_BIT_CONVERSION = YES;
				GCC_WARN_ABOUT_RETURN_TYPE = YES_ERROR;
				GCC_WARN_UNDECLARED_SELECTOR = YES;
				GCC_WARN_UNINITIALIZED_AUTOS = YES_AGGRESSIVE;
				GCC_WARN_UNUSED_FUNCTION = YES;
				GCC_WARN_UNUSED_VARIABLE = YES;
				IPHONEOS_DEPLOYMENT_TARGET = 13.1;
				MTL_ENABLE_DEBUG_INFO = INCLUDE_SOURCE;
				MTL_FAST_MATH = YES;
				ONLY_ACTIVE_ARCH = YES;
				SDKROOT = iphoneos;
			};
			name = Debug;
		};
		650A6195243D943F00E1AB50 /* Release */ = {
			isa = XCBuildConfiguration;
			buildSettings = {
				ALWAYS_SEARCH_USER_PATHS = NO;
				CLANG_ANALYZER_NONNULL = YES;
				CLANG_ANALYZER_NUMBER_OBJECT_CONVERSION = YES_AGGRESSIVE;
				CLANG_CXX_LANGUAGE_STANDARD = "gnu++14";
				CLANG_CXX_LIBRARY = "libc++";
				CLANG_ENABLE_MODULES = YES;
				CLANG_ENABLE_OBJC_ARC = YES;
				CLANG_ENABLE_OBJC_WEAK = YES;
				CLANG_WARN_BLOCK_CAPTURE_AUTORELEASING = YES;
				CLANG_WARN_BOOL_CONVERSION = YES;
				CLANG_WARN_COMMA = YES;
				CLANG_WARN_CONSTANT_CONVERSION = YES;
				CLANG_WARN_DEPRECATED_OBJC_IMPLEMENTATIONS = YES;
				CLANG_WARN_DIRECT_OBJC_ISA_USAGE = YES_ERROR;
				CLANG_WARN_DOCUMENTATION_COMMENTS = YES;
				CLANG_WARN_EMPTY_BODY = YES;
				CLANG_WARN_ENUM_CONVERSION = YES;
				CLANG_WARN_INFINITE_RECURSION = YES;
				CLANG_WARN_INT_CONVERSION = YES;
				CLANG_WARN_NON_LITERAL_NULL_CONVERSION = YES;
				CLANG_WARN_OBJC_IMPLICIT_RETAIN_SELF = YES;
				CLANG_WARN_OBJC_LITERAL_CONVERSION = YES;
				CLANG_WARN_OBJC_ROOT_CLASS = YES_ERROR;
				CLANG_WARN_RANGE_LOOP_ANALYSIS = YES;
				CLANG_WARN_STRICT_PROTOTYPES = YES;
				CLANG_WARN_SUSPICIOUS_MOVE = YES;
				CLANG_WARN_UNGUARDED_AVAILABILITY = YES_AGGRESSIVE;
				CLANG_WARN_UNREACHABLE_CODE = YES;
				CLANG_WARN__DUPLICATE_METHOD_MATCH = YES;
				COPY_PHASE_STRIP = NO;
				DEBUG_INFORMATION_FORMAT = "dwarf-with-dsym";
				ENABLE_NS_ASSERTIONS = NO;
				ENABLE_STRICT_OBJC_MSGSEND = YES;
				GCC_C_LANGUAGE_STANDARD = gnu11;
				GCC_NO_COMMON_BLOCKS = YES;
				GCC_WARN_64_TO_32_BIT_CONVERSION = YES;
				GCC_WARN_ABOUT_RETURN_TYPE = YES_ERROR;
				GCC_WARN_UNDECLARED_SELECTOR = YES;
				GCC_WARN_UNINITIALIZED_AUTOS = YES_AGGRESSIVE;
				GCC_WARN_UNUSED_FUNCTION = YES;
				GCC_WARN_UNUSED_VARIABLE = YES;
				IPHONEOS_DEPLOYMENT_TARGET = 13.1;
				MTL_ENABLE_DEBUG_INFO = NO;
				MTL_FAST_MATH = YES;
				SDKROOT = iphoneos;
				VALIDATE_PRODUCT = YES;
			};
			name = Release;
		};
		650A6197243D943F00E1AB50 /* Debug */ = {
			isa = XCBuildConfiguration;
			buildSettings = {
				CODE_SIGN_STYLE = Automatic;
				OTHER_LDFLAGS = "-ObjC";
				PRODUCT_NAME = "$(TARGET_NAME)";
				SKIP_INSTALL = YES;
				TARGETED_DEVICE_FAMILY = "1,2";
			};
			name = Debug;
		};
		650A6198243D943F00E1AB50 /* Release */ = {
			isa = XCBuildConfiguration;
			buildSettings = {
				CODE_SIGN_STYLE = Automatic;
				OTHER_LDFLAGS = "-ObjC";
				PRODUCT_NAME = "$(TARGET_NAME)";
				SKIP_INSTALL = YES;
				TARGETED_DEVICE_FAMILY = "1,2";
			};
			name = Release;
		};
/* End XCBuildConfiguration section */

/* Begin XCConfigurationList section */
		650A6188243D943F00E1AB50 /* Build configuration list for PBXProject "MMKVStorage" */ = {
			isa = XCConfigurationList;
			buildConfigurations = (
				650A6194243D943F00E1AB50 /* Debug */,
				650A6195243D943F00E1AB50 /* Release */,
			);
			defaultConfigurationIsVisible = 0;
			defaultConfigurationName = Release;
		};
		650A6196243D943F00E1AB50 /* Build configuration list for PBXNativeTarget "MMKVStorage" */ = {
			isa = XCConfigurationList;
			buildConfigurations = (
				650A6197243D943F00E1AB50 /* Debug */,
				650A6198243D943F00E1AB50 /* Release */,
			);
			defaultConfigurationIsVisible = 0;
			defaultConfigurationName = Release;
		};
/* End XCConfigurationList section */
	};
	rootObject = 650A6185243D943F00E1AB50 /* Project object */;
}
